
Microsoft Visual Studio Solution File, Format Version 12.00
# Visual Studio Version 17
VisualStudioVersion = 17.3.32922.545
MinimumVisualStudioVersion = 10.0.40219.1
Project("{FAE04EC0-301F-11D3-BF4B-00C04F79EFBC}") = "BinarySearchTree_031", "BinarySearchTree_031\BinarySearchTree_031.csproj", "{A932F46B-C325-4476-90CD-21EC41ABC542}"
EndProject
Global
	GlobalSection(SolutionConfigurationPlatforms) = preSolution
		Debug|Any CPU = Debug|Any CPU
		Release|Any CPU = Release|Any CPU
	EndGlobalSection
	GlobalSection(ProjectConfigurationPlatforms) = postSolution
		{A932F46B-C325-4476-90CD-21EC41ABC542}.Debug|Any CPU.ActiveCfg = Debug|Any CPU
		{A932F46B-C325-4476-90CD-21EC41ABC542}.Debug|Any CPU.Build.0 = Debug|Any CPU
		{A932F46B-C325-4476-90CD-21EC41ABC542}.Release|Any CPU.ActiveCfg = Release|Any CPU
		{A932F46B-C325-4476-90CD-21EC41ABC542}.Release|Any CPU.Build.0 = Release|Any CPU
	EndGlobalSection
	GlobalSection(SolutionProperties) = preSolution
		HideSolutionNode = FALSE
	EndGlobalSection
	GlobalSection(ExtensibilityGlobals) = postSolution
		SolutionGuid = {EE89D406-4C43-4D84-A6D8-84E23B92D28E}
	EndGlobalSection
EndGlobal
